{
  "name": "@browser-style/workspace",
  "lockfileVersion": 3,
  "requires": true,
  "packages": {
    "": {
      "name": "@browser-style/workspace",
      "workspaces": [
        "ui/*",
        "common"
      ]
    },
    "common": {
      "name": "@browser-style/common",
      "version": "1.0.0",
      "license": "ISC"
    },
    "node_modules/@browser-style/auto-suggest": {
      "resolved": "ui/auto-suggest",
      "link": true
    },
    "node_modules/@browser-style/barcode-scanner": {
      "resolved": "ui/barcode-scanner",
      "link": true
    },
    "node_modules/@browser-style/common": {
      "resolved": "common",
      "link": true
    },
    "node_modules/@browser-style/data-entry": {
      "resolved": "ui/data-entry",
      "link": true
    },
    "node_modules/@browser-style/data-grid": {
      "resolved": "ui/data-grid",
      "link": true
    },
    "node_modules/@browser-style/number-spinner": {
      "resolved": "ui/number-spinner",
      "link": true
    },
    "node_modules/@browser-style/print-preview": {
      "resolved": "ui/print-preview",
      "link": true
    },
    "node_modules/@browser-style/rich-text": {
      "resolved": "ui/rich-text",
      "link": true
    },
    "node_modules/@browser-style/snack-bar": {
      "resolved": "ui/snack-bar",
      "link": true
    },
    "ui/auto-suggest": {
      "name": "@browser-style/auto-suggest",
      "version": "1.0.0",
      "dependencies": {
        "@browser-style/common": "^1.0.0"
      }
    },
    "ui/barcode-scanner": {
      "name": "@browser-style/barcode-scanner",
      "version": "1.0.0",
      "dependencies": {
        "@browser-style/common": "^1.0.0"
      }
    },
    "ui/data-entry": {
      "name": "@browser-style/data-entry",
      "version": "1.0.0"
    },
    "ui/data-grid": {
      "name": "@browser-style/data-grid",
      "version": "1.0.0"
    },
    "ui/number-spinner": {
      "name": "@browser-style/number-spinner",
      "version": "1.0.0",
      "dependencies": {
        "@browser-style/common": "^1.0.0"
      }
    },
    "ui/print-preview": {
      "name": "@browser-style/print-preview",
      "version": "1.0.0"
    },
    "ui/rich-text": {
      "name": "@browser-style/rich-text",
      "version": "1.0.0",
      "dependencies": {
        "@browser-style/common": "^1.0.0"
      }
    },
    "ui/snack-bar": {
      "name": "@browser-style/snack-bar",
      "version": "1.0.0"
    }
  }
}
