{
  "name": "@browser-style/workspace",
  "lockfileVersion": 3,
  "requires": true,
  "packages": {
    "": {
      "name": "@browser-style/workspace",
      "workspaces": [
        "ui/*"
      ]
    },
    "common": {
      "name": "@browser-style/common",
      "version": "1.0.0",
      "extraneous": true,
      "license": "ISC"
    },
    "node_modules/@browser.style/auto-suggest": {
      "resolved": "ui/auto-suggest",
      "link": true
    },
    "node_modules/@browser.style/barcode-scanner": {
      "resolved": "ui/barcode-scanner",
      "link": true
    },
    "node_modules/@browser.style/base": {
      "resolved": "ui/base",
      "link": true
    },
    "node_modules/@browser.style/common": {
      "resolved": "ui/common",
      "link": true
    },
    "node_modules/@browser.style/data-entry": {
      "resolved": "ui/data-entry",
      "link": true
    },
    "node_modules/@browser.style/data-grid": {
      "resolved": "ui/data-grid",
      "link": true
    },
    "node_modules/@browser.style/icon": {
      "resolved": "ui/icon",
      "link": true
    },
    "node_modules/@browser.style/number-spinner": {
      "resolved": "ui/number-spinner",
      "link": true
    },
    "node_modules/@browser.style/print-preview": {
      "resolved": "ui/print-preview",
      "link": true
    },
    "node_modules/@browser.style/rich-text": {
      "resolved": "ui/rich-text",
      "link": true
    },
    "node_modules/@browser.style/snack-bar": {
      "resolved": "ui/snack-bar",
      "link": true
    },
    "node_modules/@browser.style/table": {
      "resolved": "ui/table",
      "link": true
    },
    "node_modules/@browser.style/table-expand": {
      "resolved": "ui/table-expand",
      "link": true
    },
    "ui/auto-suggest": {
      "name": "@browser.style/auto-suggest",
      "version": "1.0.10",
      "license": "ISC",
      "dependencies": {
        "@browser.style/common": "^1.0.1"
      }
    },
    "ui/barcode-scanner": {
      "name": "@browser.style/barcode-scanner",
      "version": "1.0.8",
      "license": "ISC",
      "dependencies": {
        "@browser.style/common": "^1.0.1"
      }
    },
    "ui/base": {
      "name": "@browser.style/base",
      "version": "1.0.6"
    },
    "ui/common": {
      "name": "@browser.style/common",
      "version": "1.0.7",
      "license": "ISC"
    },
    "ui/data-entry": {
      "name": "@browser.style/data-entry",
      "version": "1.0.10",
      "license": "ISC",
      "dependencies": {
        "@browser.style/common": "^1.0.1"
      }
    },
    "ui/data-grid": {
      "name": "@browser.style/data-grid",
      "version": "1.0.7",
      "license": "ISC",
      "peerDependencies": {
        "@browser.style/base": "^1.0.5",
        "@browser.style/icon": "^1.0.6",
        "@browser.style/table": "^1.0.5",
        "@browser.style/table-expand": "^1.0.5"
      }
    },
    "ui/icon": {
      "name": "@browser.style/icon",
      "version": "1.0.7",
      "peerDependencies": {
        "@browser.style/base": "^1.0.5"
      }
    },
    "ui/number-spinner": {
      "name": "@browser.style/number-spinner",
      "version": "1.0.8",
      "license": "ISC",
      "dependencies": {
        "@browser.style/common": "^1.0.1"
      }
    },
    "ui/print-preview": {
      "name": "@browser.style/print-preview",
      "version": "1.0.7",
      "license": "ISC",
      "dependencies": {
        "@browser.style/common": "^1.0.1"
      }
    },
    "ui/rich-text": {
      "name": "@browser.style/rich-text",
      "version": "1.0.8",
      "license": "ISC",
      "dependencies": {
        "@browser.style/common": "^1.0.1"
      }
    },
    "ui/snack-bar": {
      "name": "@browser.style/snack-bar",
      "version": "1.0.7",
      "license": "ISC",
      "dependencies": {
        "@browser.style/common": "^1.0.1"
      }
    },
    "ui/table": {
      "name": "@browser.style/table",
      "version": "1.0.6",
      "peerDependencies": {
        "@browser.style/base": "^1.0.5"
      }
    },
    "ui/table-expand": {
      "name": "@browser.style/table-expand",
      "version": "1.0.6",
      "peerDependencies": {
        "@browser.style/base": "^1.0.5",
        "@browser.style/icon": "^1.0.6"
      }
    }
  }
}
