{
  "name": "@browser-style/workspace",
  "lockfileVersion": 3,
  "requires": true,
  "packages": {
    "": {
      "name": "@browser-style/workspace",
      "workspaces": [
        "ui/*"
      ]
    },
    "common": {
      "name": "@browser-style/common",
      "version": "1.0.0",
      "extraneous": true,
      "license": "ISC"
    },
    "node_modules/@browser.style/analog-clock": {
      "resolved": "ui/analog-clock",
      "link": true
    },
    "node_modules/@browser.style/async-loader": {
      "resolved": "ui/async-loader",
      "link": true
    },
    "node_modules/@browser.style/auto-suggest": {
      "resolved": "ui/auto-suggest",
      "link": true
    },
    "node_modules/@browser.style/barcode-scanner": {
      "resolved": "ui/barcode-scanner",
      "link": true
    },
    "node_modules/@browser.style/base": {
      "resolved": "ui/base",
      "link": true
    },
    "node_modules/@browser.style/common": {
      "resolved": "ui/common",
      "link": true
    },
    "node_modules/@browser.style/data-entry": {
      "resolved": "ui/data-entry",
      "link": true
    },
    "node_modules/@browser.style/data-grid": {
      "resolved": "ui/data-grid",
      "link": true
    },
    "node_modules/@browser.style/dev-to": {
      "resolved": "ui/dev-to",
      "link": true
    },
    "node_modules/@browser.style/gui-control": {
      "resolved": "ui/gui-control",
      "link": true
    },
    "node_modules/@browser.style/gui-panel": {
      "resolved": "ui/gui-panel",
      "link": true
    },
    "node_modules/@browser.style/icon": {
      "resolved": "ui/icon",
      "link": true
    },
    "node_modules/@browser.style/number-spinner": {
      "resolved": "ui/number-spinner",
      "link": true
    },
    "node_modules/@browser.style/print-preview": {
      "resolved": "ui/print-preview",
      "link": true
    },
    "node_modules/@browser.style/rich-text": {
      "resolved": "ui/rich-text",
      "link": true
    },
    "node_modules/@browser.style/snack-bar": {
      "resolved": "ui/snack-bar",
      "link": true
    },
    "node_modules/@browser.style/table": {
      "resolved": "ui/table",
      "link": true
    },
    "node_modules/@browser.style/table-expand": {
      "resolved": "ui/table-expand",
      "link": true
    },
    "ui/analog-clock": {
      "name": "@browser.style/analog-clock",
      "version": "1.0.3",
      "license": "ISC"
    },
    "ui/async-loader": {
      "name": "@browser.style/async-loader",
      "version": "1.0.3",
      "license": "ISC"
    },
    "ui/auto-suggest": {
      "name": "@browser.style/auto-suggest",
      "version": "1.0.15",
      "license": "ISC",
      "dependencies": {
        "@browser.style/common": "^1.0.1"
      }
    },
    "ui/barcode-scanner": {
      "name": "@browser.style/barcode-scanner",
      "version": "1.0.13",
      "license": "ISC",
      "dependencies": {
        "@browser.style/common": "^1.0.1"
      }
    },
    "ui/base": {
      "name": "@browser.style/base",
      "version": "1.0.11"
    },
    "ui/common": {
      "name": "@browser.style/common",
      "version": "1.0.12",
      "license": "ISC"
    },
    "ui/data-entry": {
      "name": "@browser.style/data-entry",
      "version": "1.0.15",
      "license": "ISC",
      "dependencies": {
        "@browser.style/common": "^1.0.1"
      }
    },
    "ui/data-grid": {
      "name": "@browser.style/data-grid",
      "version": "1.0.12",
      "license": "ISC",
      "peerDependencies": {
        "@browser.style/base": "^1.0.9",
        "@browser.style/icon": "^1.0.10",
        "@browser.style/table": "^1.0.9",
        "@browser.style/table-expand": "^1.0.9"
      }
    },
    "ui/dev-to": {
      "version": "1.0.1",
      "license": "ISC",
      "dependencies": {
        "@browser.style/common": "^1.0.1"
      }
    },
    "ui/gui-control": {
      "name": "@browser.style/gui-control",
      "version": "1.0.4",
      "license": "ISC"
    },
    "ui/gui-panel": {
      "name": "@browser.style/gui-panel",
      "version": "1.0.4",
      "license": "ISC"
    },
    "ui/icon": {
      "name": "@browser.style/icon",
      "version": "1.0.11",
      "peerDependencies": {
        "@browser.style/base": "^1.0.9"
      }
    },
    "ui/number-spinner": {
      "name": "@browser.style/number-spinner",
      "version": "1.0.12",
      "license": "ISC",
      "dependencies": {
        "@browser.style/common": "^1.0.1"
      }
    },
    "ui/print-preview": {
      "name": "@browser.style/print-preview",
      "version": "1.0.11",
      "license": "ISC",
      "dependencies": {
        "@browser.style/common": "^1.0.1"
      }
    },
    "ui/rich-text": {
      "name": "@browser.style/rich-text",
      "version": "1.0.12",
      "license": "ISC",
      "dependencies": {
        "@browser.style/common": "^1.0.1"
      }
    },
    "ui/snack-bar": {
      "name": "@browser.style/snack-bar",
      "version": "1.0.11",
      "license": "ISC",
      "dependencies": {
        "@browser.style/common": "^1.0.1"
      }
    },
    "ui/table": {
      "name": "@browser.style/table",
      "version": "1.0.10",
      "peerDependencies": {
        "@browser.style/base": "^1.0.9"
      }
    },
    "ui/table-expand": {
      "name": "@browser.style/table-expand",
      "version": "1.0.10",
      "peerDependencies": {
        "@browser.style/base": "^1.0.9",
        "@browser.style/icon": "^1.0.10"
      }
    }
  }
}
